// !$*UTF8*$!
{
	archiveVersion = 1;
	classes = {
	};
	objectVersion = 46;
	objects = {

/* Begin PBXBuildFile section */
		995AABE91F7148E900BF1D37 /* MainSubclassViewController.swift in Sources */ = {isa = PBXBuildFile; fileRef = 995AABE81F7148E900BF1D37 /* MainSubclassViewController.swift */; };
		995AABEB1F714A1000BF1D37 /* CoreDataMainViewController.swift in Sources */ = {isa = PBXBuildFile; fileRef = 995AABEA1F714A1000BF1D37 /* CoreDataMainViewController.swift */; };
		995AABED1F71611500BF1D37 /* CoreDataTableViewController2.swift in Sources */ = {isa = PBXBuildFile; fileRef = 995AABEC1F71611500BF1D37 /* CoreDataTableViewController2.swift */; };
		995AABEF1F7162EF00BF1D37 /* MainTableViewController2.swift in Sources */ = {isa = PBXBuildFile; fileRef = 995AABEE1F7162EF00BF1D37 /* MainTableViewController2.swift */; };
		9996301A1F6F15DE001E695A /* AppDelegate.swift in Sources */ = {isa = PBXBuildFile; fileRef = 999630191F6F15DE001E695A /* AppDelegate.swift */; };
		9996301F1F6F15DE001E695A /* Main.storyboard in Resources */ = {isa = PBXBuildFile; fileRef = 9996301D1F6F15DE001E695A /* Main.storyboard */; };
		999630211F6F15DE001E695A /* Assets.xcassets in Resources */ = {isa = PBXBuildFile; fileRef = 999630201F6F15DE001E695A /* Assets.xcassets */; };
		999630241F6F15DE001E695A /* LaunchScreen.storyboard in Resources */ = {isa = PBXBuildFile; fileRef = 999630221F6F15DE001E695A /* LaunchScreen.storyboard */; };
		9996302C1F6F1624001E695A /* MainTableViewController.swift in Sources */ = {isa = PBXBuildFile; fileRef = 9996302B1F6F1624001E695A /* MainTableViewController.swift */; };
		9996302F1F6F1678001E695A /* TestDataModel.xcdatamodeld in Sources */ = {isa = PBXBuildFile; fileRef = 9996302D1F6F1678001E695A /* TestDataModel.xcdatamodeld */; };
		999630321F6F16CE001E695A /* TestEntity+CoreDataClass.swift in Sources */ = {isa = PBXBuildFile; fileRef = 999630301F6F16CE001E695A /* TestEntity+CoreDataClass.swift */; };
		999630331F6F16CE001E695A /* TestEntity+CoreDataProperties.swift in Sources */ = {isa = PBXBuildFile; fileRef = 999630311F6F16CE001E695A /* TestEntity+CoreDataProperties.swift */; };
		999630361F6F173A001E695A /* CoreDataStack.swift in Sources */ = {isa = PBXBuildFile; fileRef = 999630351F6F173A001E695A /* CoreDataStack.swift */; };
		999630381F6F1A19001E695A /* CoreDataTableViewController.swift in Sources */ = {isa = PBXBuildFile; fileRef = 999630371F6F1A19001E695A /* CoreDataTableViewController.swift */; };
		9996303A1F6F246A001E695A /* CoreDataCollectionViewController.swift in Sources */ = {isa = PBXBuildFile; fileRef = 999630391F6F246A001E695A /* CoreDataCollectionViewController.swift */; };
		9996303C1F6F2B93001E695A /* MainCollectionViewController.swift in Sources */ = {isa = PBXBuildFile; fileRef = 9996303B1F6F2B93001E695A /* MainCollectionViewController.swift */; };
		9996303E1F6F345C001E695A /* TestCollectionViewCell.swift in Sources */ = {isa = PBXBuildFile; fileRef = 9996303D1F6F345C001E695A /* TestCollectionViewCell.swift */; };
/* End PBXBuildFile section */

/* Begin PBXFileReference section */
		995AABE81F7148E900BF1D37 /* MainSubclassViewController.swift */ = {isa = PBXFileReference; fileEncoding = 4; lastKnownFileType = sourcecode.swift; path = MainSubclassViewController.swift; sourceTree = "<group>"; };
		995AABEA1F714A1000BF1D37 /* CoreDataMainViewController.swift */ = {isa = PBXFileReference; fileEncoding = 4; lastKnownFileType = sourcecode.swift; path = CoreDataMainViewController.swift; sourceTree = "<group>"; };
		995AABEC1F71611500BF1D37 /* CoreDataTableViewController2.swift */ = {isa = PBXFileReference; fileEncoding = 4; lastKnownFileType = sourcecode.swift; path = CoreDataTableViewController2.swift; sourceTree = "<group>"; };
		995AABEE1F7162EF00BF1D37 /* MainTableViewController2.swift */ = {isa = PBXFileReference; fileEncoding = 4; lastKnownFileType = sourcecode.swift; path = MainTableViewController2.swift; sourceTree = "<group>"; };
		999630161F6F15DE001E695A /* CoreDataTest.app */ = {isa = PBXFileReference; explicitFileType = wrapper.application; includeInIndex = 0; path = CoreDataTest.app; sourceTree = BUILT_PRODUCTS_DIR; };
		999630191F6F15DE001E695A /* AppDelegate.swift */ = {isa = PBXFileReference; lastKnownFileType = sourcecode.swift; path = AppDelegate.swift; sourceTree = "<group>"; };
		9996301E1F6F15DE001E695A /* Base */ = {isa = PBXFileReference; lastKnownFileType = file.storyboard; name = Base; path = Base.lproj/Main.storyboard; sourceTree = "<group>"; };
		999630201F6F15DE001E695A /* Assets.xcassets */ = {isa = PBXFileReference; lastKnownFileType = folder.assetcatalog; path = Assets.xcassets; sourceTree = "<group>"; };
		999630231F6F15DE001E695A /* Base */ = {isa = PBXFileReference; lastKnownFileType = file.storyboard; name = Base; path = Base.lproj/LaunchScreen.storyboard; sourceTree = "<group>"; };
		999630251F6F15DE001E695A /* Info.plist */ = {isa = PBXFileReference; lastKnownFileType = text.plist.xml; path = Info.plist; sourceTree = "<group>"; };
		9996302B1F6F1624001E695A /* MainTableViewController.swift */ = {isa = PBXFileReference; fileEncoding = 4; lastKnownFileType = sourcecode.swift; path = MainTableViewController.swift; sourceTree = "<group>"; };
		9996302E1F6F1678001E695A /* TestDataModel.xcdatamodel */ = {isa = PBXFileReference; lastKnownFileType = wrapper.xcdatamodel; path = TestDataModel.xcdatamodel; sourceTree = "<group>"; };
		999630301F6F16CE001E695A /* TestEntity+CoreDataClass.swift */ = {isa = PBXFileReference; fileEncoding = 4; lastKnownFileType = sourcecode.swift; name = "TestEntity+CoreDataClass.swift"; path = "../TestEntity+CoreDataClass.swift"; sourceTree = "<group>"; };
		999630311F6F16CE001E695A /* TestEntity+CoreDataProperties.swift */ = {isa = PBXFileReference; fileEncoding = 4; lastKnownFileType = sourcecode.swift; name = "TestEntity+CoreDataProperties.swift"; path = "../TestEntity+CoreDataProperties.swift"; sourceTree = "<group>"; };
		999630351F6F173A001E695A /* CoreDataStack.swift */ = {isa = PBXFileReference; fileEncoding = 4; lastKnownFileType = sourcecode.swift; path = CoreDataStack.swift; sourceTree = "<group>"; };
		999630371F6F1A19001E695A /* CoreDataTableViewController.swift */ = {isa = PBXFileReference; fileEncoding = 4; lastKnownFileType = sourcecode.swift; path = CoreDataTableViewController.swift; sourceTree = "<group>"; };
		999630391F6F246A001E695A /* CoreDataCollectionViewController.swift */ = {isa = PBXFileReference; fileEncoding = 4; lastKnownFileType = sourcecode.swift; path = CoreDataCollectionViewController.swift; sourceTree = "<group>"; };
		9996303B1F6F2B93001E695A /* MainCollectionViewController.swift */ = {isa = PBXFileReference; fileEncoding = 4; lastKnownFileType = sourcecode.swift; path = MainCollectionViewController.swift; sourceTree = "<group>"; };
		9996303D1F6F345C001E695A /* TestCollectionViewCell.swift */ = {isa = PBXFileReference; fileEncoding = 4; lastKnownFileType = sourcecode.swift; path = TestCollectionViewCell.swift; sourceTree = "<group>"; };
/* End PBXFileReference section */

/* Begin PBXFrameworksBuildPhase section */
		999630131F6F15DE001E695A /* Frameworks */ = {
			isa = PBXFrameworksBuildPhase;
			buildActionMask = 2147483647;
			files = (
			);
			runOnlyForDeploymentPostprocessing = 0;
		};
/* End PBXFrameworksBuildPhase section */

/* Begin PBXGroup section */
		9996300D1F6F15DE001E695A = {
			isa = PBXGroup;
			children = (
				999630181F6F15DE001E695A /* CoreDataTest */,
				999630171F6F15DE001E695A /* Products */,
			);
			sourceTree = "<group>";
		};
		999630171F6F15DE001E695A /* Products */ = {
			isa = PBXGroup;
			children = (
				999630161F6F15DE001E695A /* CoreDataTest.app */,
			);
			name = Products;
			sourceTree = "<group>";
		};
		999630181F6F15DE001E695A /* CoreDataTest */ = {
			isa = PBXGroup;
			children = (
				999630341F6F16E3001E695A /* CoreDataFiles */,
				999630191F6F15DE001E695A /* AppDelegate.swift */,
				9996301D1F6F15DE001E695A /* Main.storyboard */,
				999630201F6F15DE001E695A /* Assets.xcassets */,
				999630221F6F15DE001E695A /* LaunchScreen.storyboard */,
				999630251F6F15DE001E695A /* Info.plist */,
				9996302B1F6F1624001E695A /* MainTableViewController.swift */,
				995AABEE1F7162EF00BF1D37 /* MainTableViewController2.swift */,
				9996303B1F6F2B93001E695A /* MainCollectionViewController.swift */,
				9996303D1F6F345C001E695A /* TestCollectionViewCell.swift */,
				995AABE81F7148E900BF1D37 /* MainSubclassViewController.swift */,
			);
			path = CoreDataTest;
			sourceTree = "<group>";
		};
		999630341F6F16E3001E695A /* CoreDataFiles */ = {
			isa = PBXGroup;
			children = (
				999630391F6F246A001E695A /* CoreDataCollectionViewController.swift */,
				995AABEA1F714A1000BF1D37 /* CoreDataMainViewController.swift */,
				999630351F6F173A001E695A /* CoreDataStack.swift */,
				999630371F6F1A19001E695A /* CoreDataTableViewController.swift */,
				995AABEC1F71611500BF1D37 /* CoreDataTableViewController2.swift */,
				999630301F6F16CE001E695A /* TestEntity+CoreDataClass.swift */,
				999630311F6F16CE001E695A /* TestEntity+CoreDataProperties.swift */,
				9996302D1F6F1678001E695A /* TestDataModel.xcdatamodeld */,
			);
			name = CoreDataFiles;
			sourceTree = "<group>";
		};
/* End PBXGroup section */

/* Begin PBXNativeTarget section */
		999630151F6F15DE001E695A /* CoreDataTest */ = {
			isa = PBXNativeTarget;
			buildConfigurationList = 999630281F6F15DE001E695A /* Build configuration list for PBXNativeTarget "CoreDataTest" */;
			buildPhases = (
				999630121F6F15DE001E695A /* Sources */,
				999630131F6F15DE001E695A /* Frameworks */,
				999630141F6F15DE001E695A /* Resources */,
			);
			buildRules = (
			);
			dependencies = (
			);
			name = CoreDataTest;
			productName = CoreDataTest;
			productReference = 999630161F6F15DE001E695A /* CoreDataTest.app */;
			productType = "com.apple.product-type.application";
		};
/* End PBXNativeTarget section */

/* Begin PBXProject section */
		9996300E1F6F15DE001E695A /* Project object */ = {
			isa = PBXProject;
			attributes = {
				LastSwiftUpdateCheck = 0830;
				LastUpgradeCheck = 0830;
				ORGANIZATIONNAME = 3vts;
				TargetAttributes = {
					999630151F6F15DE001E695A = {
						CreatedOnToolsVersion = 8.3.3;
						DevelopmentTeam = HN76A6WF5Z;
						ProvisioningStyle = Automatic;
					};
				};
			};
			buildConfigurationList = 999630111F6F15DE001E695A /* Build configuration list for PBXProject "CoreDataTest" */;
			compatibilityVersion = "Xcode 3.2";
			developmentRegion = English;
			hasScannedForEncodings = 0;
			knownRegions = (
				en,
				Base,
			);
			mainGroup = 9996300D1F6F15DE001E695A;
			productRefGroup = 999630171F6F15DE001E695A /* Products */;
			projectDirPath = "";
			projectRoot = "";
			targets = (
				999630151F6F15DE001E695A /* CoreDataTest */,
			);
		};
/* End PBXProject section */

/* Begin PBXResourcesBuildPhase section */
		999630141F6F15DE001E695A /* Resources */ = {
			isa = PBXResourcesBuildPhase;
			buildActionMask = 2147483647;
			files = (
				999630241F6F15DE001E695A /* LaunchScreen.storyboard in Resources */,
				999630211F6F15DE001E695A /* Assets.xcassets in Resources */,
				9996301F1F6F15DE001E695A /* Main.storyboard in Resources */,
			);
			runOnlyForDeploymentPostprocessing = 0;
		};
/* End PBXResourcesBuildPhase section */

/* Begin PBXSourcesBuildPhase section */
		999630121F6F15DE001E695A /* Sources */ = {
			isa = PBXSourcesBuildPhase;
			buildActionMask = 2147483647;
			files = (
				9996303E1F6F345C001E695A /* TestCollectionViewCell.swift in Sources */,
				995AABED1F71611500BF1D37 /* CoreDataTableViewController2.swift in Sources */,
				999630381F6F1A19001E695A /* CoreDataTableViewController.swift in Sources */,
				9996302F1F6F1678001E695A /* TestDataModel.xcdatamodeld in Sources */,
				9996302C1F6F1624001E695A /* MainTableViewController.swift in Sources */,
				995AABEB1F714A1000BF1D37 /* CoreDataMainViewController.swift in Sources */,
				995AABE91F7148E900BF1D37 /* MainSubclassViewController.swift in Sources */,
				999630321F6F16CE001E695A /* TestEntity+CoreDataClass.swift in Sources */,
				9996303C1F6F2B93001E695A /* MainCollectionViewController.swift in Sources */,
				995AABEF1F7162EF00BF1D37 /* MainTableViewController2.swift in Sources */,
				999630361F6F173A001E695A /* CoreDataStack.swift in Sources */,
				999630331F6F16CE001E695A /* TestEntity+CoreDataProperties.swift in Sources */,
				9996301A1F6F15DE001E695A /* AppDelegate.swift in Sources */,
				9996303A1F6F246A001E695A /* CoreDataCollectionViewController.swift in Sources */,
			);
			runOnlyForDeploymentPostprocessing = 0;
		};
/* End PBXSourcesBuildPhase section */

/* Begin PBXVariantGroup section */
		9996301D1F6F15DE001E695A /* Main.storyboard */ = {
			isa = PBXVariantGroup;
			children = (
				9996301E1F6F15DE001E695A /* Base */,
			);
			name = Main.storyboard;
			sourceTree = "<group>";
		};
		999630221F6F15DE001E695A /* LaunchScreen.storyboard */ = {
			isa = PBXVariantGroup;
			children = (
				999630231F6F15DE001E695A /* Base */,
			);
			name = LaunchScreen.storyboard;
			sourceTree = "<group>";
		};
/* End PBXVariantGroup section */

/* Begin XCBuildConfiguration section */
		999630261F6F15DE001E695A /* Debug */ = {
			isa = XCBuildConfiguration;
			buildSettings = {
				ALWAYS_SEARCH_USER_PATHS = NO;
				CLANG_ANALYZER_NONNULL = YES;
				CLANG_ANALYZER_NUMBER_OBJECT_CONVERSION = YES_AGGRESSIVE;
				CLANG_CXX_LANGUAGE_STANDARD = "gnu++0x";
				CLANG_CXX_LIBRARY = "libc++";
				CLANG_ENABLE_MODULES = YES;
				CLANG_ENABLE_OBJC_ARC = YES;
				CLANG_WARN_BOOL_CONVERSION = YES;
				CLANG_WARN_CONSTANT_CONVERSION = YES;
				CLANG_WARN_DIRECT_OBJC_ISA_USAGE = YES_ERROR;
				CLANG_WARN_DOCUMENTATION_COMMENTS = YES;
				CLANG_WARN_EMPTY_BODY = YES;
				CLANG_WARN_ENUM_CONVERSION = YES;
				CLANG_WARN_INFINITE_RECURSION = YES;
				CLANG_WARN_INT_CONVERSION = YES;
				CLANG_WARN_OBJC_ROOT_CLASS = YES_ERROR;
				CLANG_WARN_SUSPICIOUS_MOVE = YES;
				CLANG_WARN_UNREACHABLE_CODE = YES;
				CLANG_WARN__DUPLICATE_METHOD_MATCH = YES;
				"CODE_SIGN_IDENTITY[sdk=iphoneos*]" = "iPhone Developer";
				COPY_PHASE_STRIP = NO;
				DEBUG_INFORMATION_FORMAT = dwarf;
				ENABLE_STRICT_OBJC_MSGSEND = YES;
				ENABLE_TESTABILITY = YES;
				GCC_C_LANGUAGE_STANDARD = gnu99;
				GCC_DYNAMIC_NO_PIC = NO;
				GCC_NO_COMMON_BLOCKS = YES;
				GCC_OPTIMIZATION_LEVEL = 0;
				GCC_PREPROCESSOR_DEFINITIONS = (
					"DEBUG=1",
					"$(inherited)",
				);
				GCC_WARN_64_TO_32_BIT_CONVERSION = YES;
				GCC_WARN_ABOUT_RETURN_TYPE = YES_ERROR;
				GCC_WARN_UNDECLARED_SELECTOR = YES;
				GCC_WARN_UNINITIALIZED_AUTOS = YES_AGGRESSIVE;
				GCC_WARN_UNUSED_FUNCTION = YES;
				GCC_WARN_UNUSED_VARIABLE = YES;
				IPHONEOS_DEPLOYMENT_TARGET = 10.3;
				MTL_ENABLE_DEBUG_INFO = YES;
				ONLY_ACTIVE_ARCH = YES;
				SDKROOT = iphoneos;
				SWIFT_ACTIVE_COMPILATION_CONDITIONS = DEBUG;
				SWIFT_OPTIMIZATION_LEVEL = "-Onone";
				TARGETED_DEVICE_FAMILY = "1,2";
			};
			name = Debug;
		};
		999630271F6F15DE001E695A /* Release */ = {
			isa = XCBuildConfiguration;
			buildSettings = {
				ALWAYS_SEARCH_USER_PATHS = NO;
				CLANG_ANALYZER_NONNULL = YES;
				CLANG_ANALYZER_NUMBER_OBJECT_CONVERSION = YES_AGGRESSIVE;
				CLANG_CXX_LANGUAGE_STANDARD = "gnu++0x";
				CLANG_CXX_LIBRARY = "libc++";
				CLANG_ENABLE_MODULES = YES;
				CLANG_ENABLE_OBJC_ARC = YES;
				CLANG_WARN_BOOL_CONVERSION = YES;
				CLANG_WARN_CONSTANT_CONVERSION = YES;
				CLANG_WARN_DIRECT_OBJC_ISA_USAGE = YES_ERROR;
				CLANG_WARN_DOCUMENTATION_COMMENTS = YES;
				CLANG_WARN_EMPTY_BODY = YES;
				CLANG_WARN_ENUM_CONVERSION = YES;
				CLANG_WARN_INFINITE_RECURSION = YES;
				CLANG_WARN_INT_CONVERSION = YES;
				CLANG_WARN_OBJC_ROOT_CLASS = YES_ERROR;
				CLANG_WARN_SUSPICIOUS_MOVE = YES;
				CLANG_WARN_UNREACHABLE_CODE = YES;
				CLANG_WARN__DUPLICATE_METHOD_MATCH = YES;
				"CODE_SIGN_IDENTITY[sdk=iphoneos*]" = "iPhone Developer";
				COPY_PHASE_STRIP = NO;
				DEBUG_INFORMATION_FORMAT = "dwarf-with-dsym";
				ENABLE_NS_ASSERTIONS = NO;
				ENABLE_STRICT_OBJC_MSGSEND = YES;
				GCC_C_LANGUAGE_STANDARD = gnu99;
				GCC_NO_COMMON_BLOCKS = YES;
				GCC_WARN_64_TO_32_BIT_CONVERSION = YES;
				GCC_WARN_ABOUT_RETURN_TYPE = YES_ERROR;
				GCC_WARN_UNDECLARED_SELECTOR = YES;
				GCC_WARN_UNINITIALIZED_AUTOS = YES_AGGRESSIVE;
				GCC_WARN_UNUSED_FUNCTION = YES;
				GCC_WARN_UNUSED_VARIABLE = YES;
				IPHONEOS_DEPLOYMENT_TARGET = 10.3;
				MTL_ENABLE_DEBUG_INFO = NO;
				SDKROOT = iphoneos;
				SWIFT_OPTIMIZATION_LEVEL = "-Owholemodule";
				TARGETED_DEVICE_FAMILY = "1,2";
				VALIDATE_PRODUCT = YES;
			};
			name = Release;
		};
		999630291F6F15DE001E695A /* Debug */ = {
			isa = XCBuildConfiguration;
			buildSettings = {
				ASSETCATALOG_COMPILER_APPICON_NAME = AppIcon;
				DEVELOPMENT_TEAM = HN76A6WF5Z;
				INFOPLIST_FILE = CoreDataTest/Info.plist;
				LD_RUNPATH_SEARCH_PATHS = "$(inherited) @executable_path/Frameworks";
				PRODUCT_BUNDLE_IDENTIFIER = com.3vts.CoreDataTest;
				PRODUCT_NAME = "$(TARGET_NAME)";
				SWIFT_VERSION = 3.0;
			};
			name = Debug;
		};
		9996302A1F6F15DE001E695A /* Release */ = {
			isa = XCBuildConfiguration;
			buildSettings = {
				ASSETCATALOG_COMPILER_APPICON_NAME = AppIcon;
				DEVELOPMENT_TEAM = HN76A6WF5Z;
				INFOPLIST_FILE = CoreDataTest/Info.plist;
				LD_RUNPATH_SEARCH_PATHS = "$(inherited) @executable_path/Frameworks";
				PRODUCT_BUNDLE_IDENTIFIER = com.3vts.CoreDataTest;
				PRODUCT_NAME = "$(TARGET_NAME)";
				SWIFT_VERSION = 3.0;
			};
			name = Release;
		};
/* End XCBuildConfiguration section */

/* Begin XCConfigurationList section */
		999630111F6F15DE001E695A /* Build configuration list for PBXProject "CoreDataTest" */ = {
			isa = XCConfigurationList;
			buildConfigurations = (
				999630261F6F15DE001E695A /* Debug */,
				999630271F6F15DE001E695A /* Release */,
			);
			defaultConfigurationIsVisible = 0;
			defaultConfigurationName = Release;
		};
		999630281F6F15DE001E695A /* Build configuration list for PBXNativeTarget "CoreDataTest" */ = {
			isa = XCConfigurationList;
			buildConfigurations = (
				999630291F6F15DE001E695A /* Debug */,
				9996302A1F6F15DE001E695A /* Release */,
			);
			defaultConfigurationIsVisible = 0;
			defaultConfigurationName = Release;
		};
/* End XCConfigurationList section */

/* Begin XCVersionGroup section */
		9996302D1F6F1678001E695A /* TestDataModel.xcdatamodeld */ = {
			isa = XCVersionGroup;
			children = (
				9996302E1F6F1678001E695A /* TestDataModel.xcdatamodel */,
			);
			currentVersion = 9996302E1F6F1678001E695A /* TestDataModel.xcdatamodel */;
			path = TestDataModel.xcdatamodeld;
			sourceTree = "<group>";
			versionGroupType = wrapper.xcdatamodel;
		};
/* End XCVersionGroup section */
	};
	rootObject = 9996300E1F6F15DE001E695A /* Project object */;
}
